{
  "name": "unit1",
  "version": "1.0.0",
  "lockfileVersion": 1,
  "requires": true,
  "dependencies": {
    "expression": {
      "version": "0.0.1",
      "resolved": "https://registry.npmjs.org/expression/-/expression-0.0.1.tgz",
      "integrity": "sha1-sCZEk+4xwPToovkz0iTOeZf2m2k=",
      "requires": {
        "reparse": "~0.1.2"
      }
    },
    "reparse": {
      "version": "0.1.2",
      "resolved": "https://registry.npmjs.org/reparse/-/reparse-0.1.2.tgz",
      "integrity": "sha1-LR+lhfWBDTRs8yd6kQpg77VlXGY="
    }
  }
}
